
Microsoft Visual Studio Solution File, Format Version 12.00
# Visual Studio Version 17
VisualStudioVersion = 17.5.002.0
MinimumVisualStudioVersion = 10.0.40219.1
Project("{9A19103F-16F7-4668-BE54-9A1E7A4F7556}") = "GiTcg", "GiTcg\GiTcg.csproj", "{4C4434A9-26FF-4DB7-8CC0-7BBC28EC3722}"
EndProject
Project("{FAE04EC0-301F-11D3-BF4B-00C04F79EFBC}") = "GiTcgTest", "GiTcgTest\GiTcgTest.csproj", "{67658995-CADC-4AD0-B09A-0D53BBFCFA17}"
EndProject
Global
	GlobalSection(SolutionConfigurationPlatforms) = preSolution
		Debug|Any CPU = Debug|Any CPU
		Release|Any CPU = Release|Any CPU
	EndGlobalSection
	GlobalSection(ProjectConfigurationPlatforms) = postSolution
		{4C4434A9-26FF-4DB7-8CC0-7BBC28EC3722}.Debug|Any CPU.ActiveCfg = Debug|Any CPU
		{4C4434A9-26FF-4DB7-8CC0-7BBC28EC3722}.Debug|Any CPU.Build.0 = Debug|Any CPU
		{4C4434A9-26FF-4DB7-8CC0-7BBC28EC3722}.Release|Any CPU.ActiveCfg = Release|Any CPU
		{4C4434A9-26FF-4DB7-8CC0-7BBC28EC3722}.Release|Any CPU.Build.0 = Release|Any CPU
		{67658995-CADC-4AD0-B09A-0D53BBFCFA17}.Debug|Any CPU.ActiveCfg = Debug|Any CPU
		{67658995-CADC-4AD0-B09A-0D53BBFCFA17}.Debug|Any CPU.Build.0 = Debug|Any CPU
		{67658995-CADC-4AD0-B09A-0D53BBFCFA17}.Release|Any CPU.ActiveCfg = Release|Any CPU
		{67658995-CADC-4AD0-B09A-0D53BBFCFA17}.Release|Any CPU.Build.0 = Release|Any CPU
	EndGlobalSection
	GlobalSection(SolutionProperties) = preSolution
		HideSolutionNode = FALSE
	EndGlobalSection
	GlobalSection(ExtensibilityGlobals) = postSolution
		SolutionGuid = {4064CCFB-0B23-48ED-856C-D3360BE2C717}
	EndGlobalSection
EndGlobal
